
Microsoft Visual Studio Solution File, Format Version 12.00
# Visual Studio Version 17
VisualStudioVersion = 17.13.35825.156 d17.13
MinimumVisualStudioVersion = 10.0.40219.1
Project("{FAE04EC0-301F-11D3-BF4B-00C04F79EFBC}") = "WebAppOrazioAlessandro", "WebAppOrazioAlessandro\WebAppOrazioAlessandro.csproj", "{F22E5B3B-DB7A-4EF5-B200-D9CB12CDA929}"
EndProject
Global
	GlobalSection(SolutionConfigurationPlatforms) = preSolution
		Debug|Any CPU = Debug|Any CPU
		Release|Any CPU = Release|Any CPU
	EndGlobalSection
	GlobalSection(ProjectConfigurationPlatforms) = postSolution
		{F22E5B3B-DB7A-4EF5-B200-D9CB12CDA929}.Debug|Any CPU.ActiveCfg = Debug|Any CPU
		{F22E5B3B-DB7A-4EF5-B200-D9CB12CDA929}.Debug|Any CPU.Build.0 = Debug|Any CPU
		{F22E5B3B-DB7A-4EF5-B200-D9CB12CDA929}.Release|Any CPU.ActiveCfg = Release|Any CPU
		{F22E5B3B-DB7A-4EF5-B200-D9CB12CDA929}.Release|Any CPU.Build.0 = Release|Any CPU
	EndGlobalSection
	GlobalSection(SolutionProperties) = preSolution
		HideSolutionNode = FALSE
	EndGlobalSection
	GlobalSection(ExtensibilityGlobals) = postSolution
		SolutionGuid = {AB19F40B-DCCC-4D1B-91B2-028484315AC0}
	EndGlobalSection
EndGlobal
